// !$*UTF8*$!
{
	archiveVersion = 1;
	classes = {
	};
	objectVersion = 46;
	objects = {

/* Begin PBXBuildFile section */
		DF5D7E451D317E6C0039C912 /* AppDelegate.swift in Sources */ = {isa = PBXBuildFile; fileRef = DF5D7E441D317E6C0039C912 /* AppDelegate.swift */; };
		DF5D7E471D317E6C0039C912 /* ViewController.swift in Sources */ = {isa = PBXBuildFile; fileRef = DF5D7E461D317E6C0039C912 /* ViewController.swift */; };
		DF5D7E4A1D317E6C0039C912 /* Main.storyboard in Resources */ = {isa = PBXBuildFile; fileRef = DF5D7E481D317E6C0039C912 /* Main.storyboard */; };
		DF5D7E4C1D317E6C0039C912 /* Assets.xcassets in Resources */ = {isa = PBXBuildFile; fileRef = DF5D7E4B1D317E6C0039C912 /* Assets.xcassets */; };
		DF5D7E4F1D317E6C0039C912 /* LaunchScreen.storyboard in Resources */ = {isa = PBXBuildFile; fileRef = DF5D7E4D1D317E6C0039C912 /* LaunchScreen.storyboard */; };
		DF5D7E571D3186DE0039C912 /* GridView.swift in Sources */ = {isa = PBXBuildFile; fileRef = DF5D7E561D3186DE0039C912 /* GridView.swift */; };
		DF5D7E591D328B520039C912 /* CellState.swift in Sources */ = {isa = PBXBuildFile; fileRef = DF5D7E581D328B520039C912 /* CellState.swift */; };
/* End PBXBuildFile section */

/* Begin PBXFileReference section */
		DF5D7E411D317E6C0039C912 /* Assignment3.app */ = {isa = PBXFileReference; explicitFileType = wrapper.application; includeInIndex = 0; path = Assignment3.app; sourceTree = BUILT_PRODUCTS_DIR; };
		DF5D7E441D317E6C0039C912 /* AppDelegate.swift */ = {isa = PBXFileReference; lastKnownFileType = sourcecode.swift; path = AppDelegate.swift; sourceTree = "<group>"; };
		DF5D7E461D317E6C0039C912 /* ViewController.swift */ = {isa = PBXFileReference; lastKnownFileType = sourcecode.swift; path = ViewController.swift; sourceTree = "<group>"; };
		DF5D7E491D317E6C0039C912 /* Base */ = {isa = PBXFileReference; lastKnownFileType = file.storyboard; name = Base; path = Base.lproj/Main.storyboard; sourceTree = "<group>"; };
		DF5D7E4B1D317E6C0039C912 /* Assets.xcassets */ = {isa = PBXFileReference; lastKnownFileType = folder.assetcatalog; path = Assets.xcassets; sourceTree = "<group>"; };
		DF5D7E4E1D317E6C0039C912 /* Base */ = {isa = PBXFileReference; lastKnownFileType = file.storyboard; name = Base; path = Base.lproj/LaunchScreen.storyboard; sourceTree = "<group>"; };
		DF5D7E501D317E6C0039C912 /* Info.plist */ = {isa = PBXFileReference; lastKnownFileType = text.plist.xml; path = Info.plist; sourceTree = "<group>"; };
		DF5D7E561D3186DE0039C912 /* GridView.swift */ = {isa = PBXFileReference; fileEncoding = 4; lastKnownFileType = sourcecode.swift; path = GridView.swift; sourceTree = "<group>"; };
		DF5D7E581D328B520039C912 /* CellState.swift */ = {isa = PBXFileReference; fileEncoding = 4; lastKnownFileType = sourcecode.swift; path = CellState.swift; sourceTree = "<group>"; };
/* End PBXFileReference section */

/* Begin PBXFrameworksBuildPhase section */
		DF5D7E3E1D317E6C0039C912 /* Frameworks */ = {
			isa = PBXFrameworksBuildPhase;
			buildActionMask = 2147483647;
			files = (
			);
			runOnlyForDeploymentPostprocessing = 0;
		};
/* End PBXFrameworksBuildPhase section */

/* Begin PBXGroup section */
		DF5D7E381D317E6C0039C912 = {
			isa = PBXGroup;
			children = (
				DF5D7E431D317E6C0039C912 /* Assignment3 */,
				DF5D7E421D317E6C0039C912 /* Products */,
			);
			sourceTree = "<group>";
		};
		DF5D7E421D317E6C0039C912 /* Products */ = {
			isa = PBXGroup;
			children = (
				DF5D7E411D317E6C0039C912 /* Assignment3.app */,
			);
			name = Products;
			sourceTree = "<group>";
		};
		DF5D7E431D317E6C0039C912 /* Assignment3 */ = {
			isa = PBXGroup;
			children = (
				DF5D7E441D317E6C0039C912 /* AppDelegate.swift */,
				DF5D7E461D317E6C0039C912 /* ViewController.swift */,
				DF5D7E581D328B520039C912 /* CellState.swift */,
				DF5D7E561D3186DE0039C912 /* GridView.swift */,
				DF5D7E481D317E6C0039C912 /* Main.storyboard */,
				DF5D7E4B1D317E6C0039C912 /* Assets.xcassets */,
				DF5D7E4D1D317E6C0039C912 /* LaunchScreen.storyboard */,
				DF5D7E501D317E6C0039C912 /* Info.plist */,
			);
			path = Assignment3;
			sourceTree = "<group>";
		};
/* End PBXGroup section */

/* Begin PBXNativeTarget section */
		DF5D7E401D317E6C0039C912 /* Assignment3 */ = {
			isa = PBXNativeTarget;
			buildConfigurationList = DF5D7E531D317E6C0039C912 /* Build configuration list for PBXNativeTarget "Assignment3" */;
			buildPhases = (
				DF5D7E3D1D317E6C0039C912 /* Sources */,
				DF5D7E3E1D317E6C0039C912 /* Frameworks */,
				DF5D7E3F1D317E6C0039C912 /* Resources */,
			);
			buildRules = (
			);
			dependencies = (
			);
			name = Assignment3;
			productName = Assignment3;
			productReference = DF5D7E411D317E6C0039C912 /* Assignment3.app */;
			productType = "com.apple.product-type.application";
		};
/* End PBXNativeTarget section */

/* Begin PBXProject section */
		DF5D7E391D317E6C0039C912 /* Project object */ = {
			isa = PBXProject;
			attributes = {
				LastSwiftUpdateCheck = 0730;
				LastUpgradeCheck = 0730;
				ORGANIZATIONNAME = "Dan November";
				TargetAttributes = {
					DF5D7E401D317E6C0039C912 = {
						CreatedOnToolsVersion = 7.3.1;
					};
				};
			};
			buildConfigurationList = DF5D7E3C1D317E6C0039C912 /* Build configuration list for PBXProject "Assignment3" */;
			compatibilityVersion = "Xcode 3.2";
			developmentRegion = English;
			hasScannedForEncodings = 0;
			knownRegions = (
				en,
				Base,
			);
			mainGroup = DF5D7E381D317E6C0039C912;
			productRefGroup = DF5D7E421D317E6C0039C912 /* Products */;
			projectDirPath = "";
			projectRoot = "";
			targets = (
				DF5D7E401D317E6C0039C912 /* Assignment3 */,
			);
		};
/* End PBXProject section */

/* Begin PBXResourcesBuildPhase section */
		DF5D7E3F1D317E6C0039C912 /* Resources */ = {
			isa = PBXResourcesBuildPhase;
			buildActionMask = 2147483647;
			files = (
				DF5D7E4F1D317E6C0039C912 /* LaunchScreen.storyboard in Resources */,
				DF5D7E4C1D317E6C0039C912 /* Assets.xcassets in Resources */,
				DF5D7E4A1D317E6C0039C912 /* Main.storyboard in Resources */,
			);
			runOnlyForDeploymentPostprocessing = 0;
		};
/* End PBXResourcesBuildPhase section */

/* Begin PBXSourcesBuildPhase section */
		DF5D7E3D1D317E6C0039C912 /* Sources */ = {
			isa = PBXSourcesBuildPhase;
			buildActionMask = 2147483647;
			files = (
				DF5D7E471D317E6C0039C912 /* ViewController.swift in Sources */,
				DF5D7E571D3186DE0039C912 /* GridView.swift in Sources */,
				DF5D7E451D317E6C0039C912 /* AppDelegate.swift in Sources */,
				DF5D7E591D328B520039C912 /* CellState.swift in Sources */,
			);
			runOnlyForDeploymentPostprocessing = 0;
		};
/* End PBXSourcesBuildPhase section */

/* Begin PBXVariantGroup section */
		DF5D7E481D317E6C0039C912 /* Main.storyboard */ = {
			isa = PBXVariantGroup;
			children = (
				DF5D7E491D317E6C0039C912 /* Base */,
			);
			name = Main.storyboard;
			sourceTree = "<group>";
		};
		DF5D7E4D1D317E6C0039C912 /* LaunchScreen.storyboard */ = {
			isa = PBXVariantGroup;
			children = (
				DF5D7E4E1D317E6C0039C912 /* Base */,
			);
			name = LaunchScreen.storyboard;
			sourceTree = "<group>";
		};
/* End PBXVariantGroup section */

/* Begin XCBuildConfiguration section */
		DF5D7E511D317E6C0039C912 /* Debug */ = {
			isa = XCBuildConfiguration;
			buildSettings = {
				ALWAYS_SEARCH_USER_PATHS = NO;
				CLANG_ANALYZER_NONNULL = YES;
				CLANG_CXX_LANGUAGE_STANDARD = "gnu++0x";
				CLANG_CXX_LIBRARY = "libc++";
				CLANG_ENABLE_MODULES = YES;
				CLANG_ENABLE_OBJC_ARC = YES;
				CLANG_WARN_BOOL_CONVERSION = YES;
				CLANG_WARN_CONSTANT_CONVERSION = YES;
				CLANG_WARN_DIRECT_OBJC_ISA_USAGE = YES_ERROR;
				CLANG_WARN_EMPTY_BODY = YES;
				CLANG_WARN_ENUM_CONVERSION = YES;
				CLANG_WARN_INT_CONVERSION = YES;
				CLANG_WARN_OBJC_ROOT_CLASS = YES_ERROR;
				CLANG_WARN_UNREACHABLE_CODE = YES;
				CLANG_WARN__DUPLICATE_METHOD_MATCH = YES;
				"CODE_SIGN_IDENTITY[sdk=iphoneos*]" = "iPhone Developer";
				COPY_PHASE_STRIP = NO;
				DEBUG_INFORMATION_FORMAT = dwarf;
				ENABLE_STRICT_OBJC_MSGSEND = YES;
				ENABLE_TESTABILITY = YES;
				GCC_C_LANGUAGE_STANDARD = gnu99;
				GCC_DYNAMIC_NO_PIC = NO;
				GCC_NO_COMMON_BLOCKS = YES;
				GCC_OPTIMIZATION_LEVEL = 0;
				GCC_PREPROCESSOR_DEFINITIONS = (
					"DEBUG=1",
					"$(inherited)",
				);
				GCC_WARN_64_TO_32_BIT_CONVERSION = YES;
				GCC_WARN_ABOUT_RETURN_TYPE = YES_ERROR;
				GCC_WARN_UNDECLARED_SELECTOR = YES;
				GCC_WARN_UNINITIALIZED_AUTOS = YES_AGGRESSIVE;
				GCC_WARN_UNUSED_FUNCTION = YES;
				GCC_WARN_UNUSED_VARIABLE = YES;
				IPHONEOS_DEPLOYMENT_TARGET = 9.3;
				MTL_ENABLE_DEBUG_INFO = YES;
				ONLY_ACTIVE_ARCH = YES;
				SDKROOT = iphoneos;
				SWIFT_OPTIMIZATION_LEVEL = "-Onone";
				TARGETED_DEVICE_FAMILY = "1,2";
			};
			name = Debug;
		};
		DF5D7E521D317E6C0039C912 /* Release */ = {
			isa = XCBuildConfiguration;
			buildSettings = {
				ALWAYS_SEARCH_USER_PATHS = NO;
				CLANG_ANALYZER_NONNULL = YES;
				CLANG_CXX_LANGUAGE_STANDARD = "gnu++0x";
				CLANG_CXX_LIBRARY = "libc++";
				CLANG_ENABLE_MODULES = YES;
				CLANG_ENABLE_OBJC_ARC = YES;
				CLANG_WARN_BOOL_CONVERSION = YES;
				CLANG_WARN_CONSTANT_CONVERSION = YES;
				CLANG_WARN_DIRECT_OBJC_ISA_USAGE = YES_ERROR;
				CLANG_WARN_EMPTY_BODY = YES;
				CLANG_WARN_ENUM_CONVERSION = YES;
				CLANG_WARN_INT_CONVERSION = YES;
				CLANG_WARN_OBJC_ROOT_CLASS = YES_ERROR;
				CLANG_WARN_UNREACHABLE_CODE = YES;
				CLANG_WARN__DUPLICATE_METHOD_MATCH = YES;
				"CODE_SIGN_IDENTITY[sdk=iphoneos*]" = "iPhone Developer";
				COPY_PHASE_STRIP = NO;
				DEBUG_INFORMATION_FORMAT = "dwarf-with-dsym";
				ENABLE_NS_ASSERTIONS = NO;
				ENABLE_STRICT_OBJC_MSGSEND = YES;
				GCC_C_LANGUAGE_STANDARD = gnu99;
				GCC_NO_COMMON_BLOCKS = YES;
				GCC_WARN_64_TO_32_BIT_CONVERSION = YES;
				GCC_WARN_ABOUT_RETURN_TYPE = YES_ERROR;
				GCC_WARN_UNDECLARED_SELECTOR = YES;
				GCC_WARN_UNINITIALIZED_AUTOS = YES_AGGRESSIVE;
				GCC_WARN_UNUSED_FUNCTION = YES;
				GCC_WARN_UNUSED_VARIABLE = YES;
				IPHONEOS_DEPLOYMENT_TARGET = 9.3;
				MTL_ENABLE_DEBUG_INFO = NO;
				SDKROOT = iphoneos;
				TARGETED_DEVICE_FAMILY = "1,2";
				VALIDATE_PRODUCT = YES;
			};
			name = Release;
		};
		DF5D7E541D317E6C0039C912 /* Debug */ = {
			isa = XCBuildConfiguration;
			buildSettings = {
				ASSETCATALOG_COMPILER_APPICON_NAME = AppIcon;
				INFOPLIST_FILE = Assignment3/Info.plist;
				LD_RUNPATH_SEARCH_PATHS = "$(inherited) @executable_path/Frameworks";
				PRODUCT_BUNDLE_IDENTIFIER = dnovember.Assignment3;
				PRODUCT_NAME = "$(TARGET_NAME)";
			};
			name = Debug;
		};
		DF5D7E551D317E6C0039C912 /* Release */ = {
			isa = XCBuildConfiguration;
			buildSettings = {
				ASSETCATALOG_COMPILER_APPICON_NAME = AppIcon;
				INFOPLIST_FILE = Assignment3/Info.plist;
				LD_RUNPATH_SEARCH_PATHS = "$(inherited) @executable_path/Frameworks";
				PRODUCT_BUNDLE_IDENTIFIER = dnovember.Assignment3;
				PRODUCT_NAME = "$(TARGET_NAME)";
			};
			name = Release;
		};
/* End XCBuildConfiguration section */

/* Begin XCConfigurationList section */
		DF5D7E3C1D317E6C0039C912 /* Build configuration list for PBXProject "Assignment3" */ = {
			isa = XCConfigurationList;
			buildConfigurations = (
				DF5D7E511D317E6C0039C912 /* Debug */,
				DF5D7E521D317E6C0039C912 /* Release */,
			);
			defaultConfigurationIsVisible = 0;
			defaultConfigurationName = Release;
		};
		DF5D7E531D317E6C0039C912 /* Build configuration list for PBXNativeTarget "Assignment3" */ = {
			isa = XCConfigurationList;
			buildConfigurations = (
				DF5D7E541D317E6C0039C912 /* Debug */,
				DF5D7E551D317E6C0039C912 /* Release */,
			);
			defaultConfigurationIsVisible = 0;
			defaultConfigurationName = Release;
		};
/* End XCConfigurationList section */
	};
	rootObject = DF5D7E391D317E6C0039C912 /* Project object */;
}
